
Microsoft Visual Studio Solution File, Format Version 12.00
# Visual Studio Version 16
VisualStudioVersion = 16.0.31112.23
MinimumVisualStudioVersion = 10.0.40219.1
Project("{FAE04EC0-301F-11D3-BF4B-00C04F79EFBC}") = "Party.Web", "Party.Web\Party.Web.csproj", "{40B66FF9-8B74-4A07-AF0C-34045F774D0E}"
EndProject
Project("{FAE04EC0-301F-11D3-BF4B-00C04F79EFBC}") = "Party.DataAccess", "Party.DataAccess\Party.DataAccess.csproj", "{157D1D91-2BE2-4FD9-80C1-70D7DD72A1E7}"
EndProject
Project("{FAE04EC0-301F-11D3-BF4B-00C04F79EFBC}") = "Party.Business", "Party.Business\Party.Business.csproj", "{289768D4-11D3-4717-990F-49D92944030F}"
EndProject
Global
	GlobalSection(SolutionConfigurationPlatforms) = preSolution
		Debug|Any CPU = Debug|Any CPU
		Release|Any CPU = Release|Any CPU
	EndGlobalSection
	GlobalSection(ProjectConfigurationPlatforms) = postSolution
		{40B66FF9-8B74-4A07-AF0C-34045F774D0E}.Debug|Any CPU.ActiveCfg = Debug|Any CPU
		{40B66FF9-8B74-4A07-AF0C-34045F774D0E}.Debug|Any CPU.Build.0 = Debug|Any CPU
		{40B66FF9-8B74-4A07-AF0C-34045F774D0E}.Release|Any CPU.ActiveCfg = Release|Any CPU
		{40B66FF9-8B74-4A07-AF0C-34045F774D0E}.Release|Any CPU.Build.0 = Release|Any CPU
		{157D1D91-2BE2-4FD9-80C1-70D7DD72A1E7}.Debug|Any CPU.ActiveCfg = Debug|Any CPU
		{157D1D91-2BE2-4FD9-80C1-70D7DD72A1E7}.Debug|Any CPU.Build.0 = Debug|Any CPU
		{157D1D91-2BE2-4FD9-80C1-70D7DD72A1E7}.Release|Any CPU.ActiveCfg = Release|Any CPU
		{157D1D91-2BE2-4FD9-80C1-70D7DD72A1E7}.Release|Any CPU.Build.0 = Release|Any CPU
		{289768D4-11D3-4717-990F-49D92944030F}.Debug|Any CPU.ActiveCfg = Debug|Any CPU
		{289768D4-11D3-4717-990F-49D92944030F}.Debug|Any CPU.Build.0 = Debug|Any CPU
		{289768D4-11D3-4717-990F-49D92944030F}.Release|Any CPU.ActiveCfg = Release|Any CPU
		{289768D4-11D3-4717-990F-49D92944030F}.Release|Any CPU.Build.0 = Release|Any CPU
	EndGlobalSection
	GlobalSection(SolutionProperties) = preSolution
		HideSolutionNode = FALSE
	EndGlobalSection
	GlobalSection(ExtensibilityGlobals) = postSolution
		SolutionGuid = {2D95E8D9-8428-48C2-8DDB-D174A9A28DF8}
	EndGlobalSection
EndGlobal
